// !$*UTF8*$!
{
	archiveVersion = 1;
	classes = {
	};
	objectVersion = 51;
	objects = {

/* Begin PBXBuildFile section */
		8C6FF4ECCDAF805500C9767A /* Pods_MessengerApp.framework in Frameworks */ = {isa = PBXBuildFile; fileRef = 56AA42471E0BF99DBC0164FD /* Pods_MessengerApp.framework */; };
		FA03B32E24A5239A00E068C2 /* NewConversationCell.swift in Sources */ = {isa = PBXBuildFile; fileRef = FA03B32D24A5239A00E068C2 /* NewConversationCell.swift */; };
		FA03B33024A5243C00E068C2 /* SearchResult.swift in Sources */ = {isa = PBXBuildFile; fileRef = FA03B32F24A5243C00E068C2 /* SearchResult.swift */; };
		FA073D5D24A11F02001F9BF0 /* ConversationTableViewCell.swift in Sources */ = {isa = PBXBuildFile; fileRef = FA073D5C24A11F02001F9BF0 /* ConversationTableViewCell.swift */; };
		FA073D5F24A12302001F9BF0 /* Conversation.swift in Sources */ = {isa = PBXBuildFile; fileRef = FA073D5E24A12302001F9BF0 /* Conversation.swift */; };
		FA073D6124A1232F001F9BF0 /* Message.swift in Sources */ = {isa = PBXBuildFile; fileRef = FA073D6024A1232F001F9BF0 /* Message.swift */; };
		FA073D6324A1235C001F9BF0 /* Sender.swift in Sources */ = {isa = PBXBuildFile; fileRef = FA073D6224A1235C001F9BF0 /* Sender.swift */; };
		FA073D6524A123A1001F9BF0 /* User.swift in Sources */ = {isa = PBXBuildFile; fileRef = FA073D6424A123A1001F9BF0 /* User.swift */; };
		FA073D6724A1245A001F9BF0 /* LatestMessage.swift in Sources */ = {isa = PBXBuildFile; fileRef = FA073D6624A1245A001F9BF0 /* LatestMessage.swift */; };
		FA07D4E024A4B5F800A53903 /* Media.swift in Sources */ = {isa = PBXBuildFile; fileRef = FA07D4DF24A4B5F800A53903 /* Media.swift */; };
		FA143A60249933910063FF82 /* AppDelegate.swift in Sources */ = {isa = PBXBuildFile; fileRef = FA143A5F249933910063FF82 /* AppDelegate.swift */; };
		FA143A62249933910063FF82 /* SceneDelegate.swift in Sources */ = {isa = PBXBuildFile; fileRef = FA143A61249933910063FF82 /* SceneDelegate.swift */; };
		FA143A64249933910063FF82 /* ConversationsViewController.swift in Sources */ = {isa = PBXBuildFile; fileRef = FA143A63249933910063FF82 /* ConversationsViewController.swift */; };
		FA143A67249933910063FF82 /* Main.storyboard in Resources */ = {isa = PBXBuildFile; fileRef = FA143A65249933910063FF82 /* Main.storyboard */; };
		FA143A69249933940063FF82 /* Assets.xcassets in Resources */ = {isa = PBXBuildFile; fileRef = FA143A68249933940063FF82 /* Assets.xcassets */; };
		FA143A6C249933940063FF82 /* LaunchScreen.storyboard in Resources */ = {isa = PBXBuildFile; fileRef = FA143A6A249933940063FF82 /* LaunchScreen.storyboard */; };
		FA197EFB24A724650092A4C7 /* Location.swift in Sources */ = {isa = PBXBuildFile; fileRef = FA197EFA24A724650092A4C7 /* Location.swift */; };
		FA197EFD24A725A50092A4C7 /* LocationPickerViewController.swift in Sources */ = {isa = PBXBuildFile; fileRef = FA197EFC24A725A50092A4C7 /* LocationPickerViewController.swift */; };
		FA197EFF24A73B2B0092A4C7 /* Profile.swift in Sources */ = {isa = PBXBuildFile; fileRef = FA197EFE24A73B2B0092A4C7 /* Profile.swift */; };
		FA197F0124A73DD80092A4C7 /* ProfileCell.swift in Sources */ = {isa = PBXBuildFile; fileRef = FA197F0024A73DD80092A4C7 /* ProfileCell.swift */; };
		FA35F82B249BAABC0050503F /* ChatViewController.swift in Sources */ = {isa = PBXBuildFile; fileRef = FA35F82A249BAABC0050503F /* ChatViewController.swift */; };
		FA38BB5524A64A4D009CED52 /* GoogleService-Info.plist in Resources */ = {isa = PBXBuildFile; fileRef = FA38BB5424A64A4C009CED52 /* GoogleService-Info.plist */; };
		FAB926D5249E907D00C6ED6D /* StorageManager.swift in Sources */ = {isa = PBXBuildFile; fileRef = FAB926D4249E907D00C6ED6D /* StorageManager.swift */; };
		FADB3289249A181800DDB52B /* DatabaseManager.swift in Sources */ = {isa = PBXBuildFile; fileRef = FADB3288249A181800DDB52B /* DatabaseManager.swift */; };
		FAEDB3572499372C00DAC22C /* LoginViewController.swift in Sources */ = {isa = PBXBuildFile; fileRef = FAEDB3562499372C00DAC22C /* LoginViewController.swift */; };
		FAEDB3592499373B00DAC22C /* RegisterViewController.swift in Sources */ = {isa = PBXBuildFile; fileRef = FAEDB3582499373B00DAC22C /* RegisterViewController.swift */; };
		FAEDB35B2499376500DAC22C /* PhotoViewerViewController.swift in Sources */ = {isa = PBXBuildFile; fileRef = FAEDB35A2499376500DAC22C /* PhotoViewerViewController.swift */; };
		FAEDB35F249937CA00DAC22C /* NewConversationViewController.swift in Sources */ = {isa = PBXBuildFile; fileRef = FAEDB35E249937CA00DAC22C /* NewConversationViewController.swift */; };
		FAEDB361249937E000DAC22C /* ProfileViewController.swift in Sources */ = {isa = PBXBuildFile; fileRef = FAEDB360249937E000DAC22C /* ProfileViewController.swift */; };
		FAEDB36424993E3400DAC22C /* Extensions.swift in Sources */ = {isa = PBXBuildFile; fileRef = FAEDB36324993E3400DAC22C /* Extensions.swift */; };
/* End PBXBuildFile section */

/* Begin PBXFileReference section */
		56AA42471E0BF99DBC0164FD /* Pods_MessengerApp.framework */ = {isa = PBXFileReference; explicitFileType = wrapper.framework; includeInIndex = 0; path = Pods_MessengerApp.framework; sourceTree = BUILT_PRODUCTS_DIR; };
		6A40BE8AB81ED6C8AF8EA6BF /* Pods-MessengerApp.debug.xcconfig */ = {isa = PBXFileReference; includeInIndex = 1; lastKnownFileType = text.xcconfig; name = "Pods-MessengerApp.debug.xcconfig"; path = "Target Support Files/Pods-MessengerApp/Pods-MessengerApp.debug.xcconfig"; sourceTree = "<group>"; };
		D4E62C88CD912F43BEF2DC80 /* Pods-MessengerApp.release.xcconfig */ = {isa = PBXFileReference; includeInIndex = 1; lastKnownFileType = text.xcconfig; name = "Pods-MessengerApp.release.xcconfig"; path = "Target Support Files/Pods-MessengerApp/Pods-MessengerApp.release.xcconfig"; sourceTree = "<group>"; };
		FA03B32D24A5239A00E068C2 /* NewConversationCell.swift */ = {isa = PBXFileReference; lastKnownFileType = sourcecode.swift; path = NewConversationCell.swift; sourceTree = "<group>"; };
		FA03B32F24A5243C00E068C2 /* SearchResult.swift */ = {isa = PBXFileReference; lastKnownFileType = sourcecode.swift; path = SearchResult.swift; sourceTree = "<group>"; };
		FA073D5C24A11F02001F9BF0 /* ConversationTableViewCell.swift */ = {isa = PBXFileReference; lastKnownFileType = sourcecode.swift; path = ConversationTableViewCell.swift; sourceTree = "<group>"; };
		FA073D5E24A12302001F9BF0 /* Conversation.swift */ = {isa = PBXFileReference; lastKnownFileType = sourcecode.swift; path = Conversation.swift; sourceTree = "<group>"; };
		FA073D6024A1232F001F9BF0 /* Message.swift */ = {isa = PBXFileReference; lastKnownFileType = sourcecode.swift; path = Message.swift; sourceTree = "<group>"; };
		FA073D6224A1235C001F9BF0 /* Sender.swift */ = {isa = PBXFileReference; lastKnownFileType = sourcecode.swift; path = Sender.swift; sourceTree = "<group>"; };
		FA073D6424A123A1001F9BF0 /* User.swift */ = {isa = PBXFileReference; lastKnownFileType = sourcecode.swift; path = User.swift; sourceTree = "<group>"; };
		FA073D6624A1245A001F9BF0 /* LatestMessage.swift */ = {isa = PBXFileReference; lastKnownFileType = sourcecode.swift; path = LatestMessage.swift; sourceTree = "<group>"; };
		FA07D4DF24A4B5F800A53903 /* Media.swift */ = {isa = PBXFileReference; lastKnownFileType = sourcecode.swift; path = Media.swift; sourceTree = "<group>"; };
		FA143A5C249933910063FF82 /* MessengerApp.app */ = {isa = PBXFileReference; explicitFileType = wrapper.application; includeInIndex = 0; path = MessengerApp.app; sourceTree = BUILT_PRODUCTS_DIR; };
		FA143A5F249933910063FF82 /* AppDelegate.swift */ = {isa = PBXFileReference; lastKnownFileType = sourcecode.swift; path = AppDelegate.swift; sourceTree = "<group>"; };
		FA143A61249933910063FF82 /* SceneDelegate.swift */ = {isa = PBXFileReference; lastKnownFileType = sourcecode.swift; path = SceneDelegate.swift; sourceTree = "<group>"; };
		FA143A63249933910063FF82 /* ConversationsViewController.swift */ = {isa = PBXFileReference; lastKnownFileType = sourcecode.swift; path = ConversationsViewController.swift; sourceTree = "<group>"; };
		FA143A66249933910063FF82 /* Base */ = {isa = PBXFileReference; lastKnownFileType = file.storyboard; name = Base; path = Base.lproj/Main.storyboard; sourceTree = "<group>"; };
		FA143A68249933940063FF82 /* Assets.xcassets */ = {isa = PBXFileReference; lastKnownFileType = folder.assetcatalog; path = Assets.xcassets; sourceTree = "<group>"; };
		FA143A6B249933940063FF82 /* Base */ = {isa = PBXFileReference; lastKnownFileType = file.storyboard; name = Base; path = Base.lproj/LaunchScreen.storyboard; sourceTree = "<group>"; };
		FA143A6D249933940063FF82 /* Info.plist */ = {isa = PBXFileReference; lastKnownFileType = text.plist.xml; path = Info.plist; sourceTree = "<group>"; };
		FA197EFA24A724650092A4C7 /* Location.swift */ = {isa = PBXFileReference; lastKnownFileType = sourcecode.swift; path = Location.swift; sourceTree = "<group>"; };
		FA197EFC24A725A50092A4C7 /* LocationPickerViewController.swift */ = {isa = PBXFileReference; lastKnownFileType = sourcecode.swift; path = LocationPickerViewController.swift; sourceTree = "<group>"; };
		FA197EFE24A73B2B0092A4C7 /* Profile.swift */ = {isa = PBXFileReference; lastKnownFileType = sourcecode.swift; path = Profile.swift; sourceTree = "<group>"; };
		FA197F0024A73DD80092A4C7 /* ProfileCell.swift */ = {isa = PBXFileReference; lastKnownFileType = sourcecode.swift; path = ProfileCell.swift; sourceTree = "<group>"; };
		FA35F82A249BAABC0050503F /* ChatViewController.swift */ = {isa = PBXFileReference; lastKnownFileType = sourcecode.swift; path = ChatViewController.swift; sourceTree = "<group>"; };
		FA38BB5424A64A4C009CED52 /* GoogleService-Info.plist */ = {isa = PBXFileReference; fileEncoding = 4; lastKnownFileType = text.plist.xml; path = "GoogleService-Info.plist"; sourceTree = "<group>"; };
		FAB926D4249E907D00C6ED6D /* StorageManager.swift */ = {isa = PBXFileReference; lastKnownFileType = sourcecode.swift; path = StorageManager.swift; sourceTree = "<group>"; };
		FADB3288249A181800DDB52B /* DatabaseManager.swift */ = {isa = PBXFileReference; lastKnownFileType = sourcecode.swift; path = DatabaseManager.swift; sourceTree = "<group>"; };
		FAEDB3562499372C00DAC22C /* LoginViewController.swift */ = {isa = PBXFileReference; lastKnownFileType = sourcecode.swift; path = LoginViewController.swift; sourceTree = "<group>"; };
		FAEDB3582499373B00DAC22C /* RegisterViewController.swift */ = {isa = PBXFileReference; lastKnownFileType = sourcecode.swift; path = RegisterViewController.swift; sourceTree = "<group>"; };
		FAEDB35A2499376500DAC22C /* PhotoViewerViewController.swift */ = {isa = PBXFileReference; lastKnownFileType = sourcecode.swift; path = PhotoViewerViewController.swift; sourceTree = "<group>"; };
		FAEDB35E249937CA00DAC22C /* NewConversationViewController.swift */ = {isa = PBXFileReference; lastKnownFileType = sourcecode.swift; path = NewConversationViewController.swift; sourceTree = "<group>"; };
		FAEDB360249937E000DAC22C /* ProfileViewController.swift */ = {isa = PBXFileReference; lastKnownFileType = sourcecode.swift; path = ProfileViewController.swift; sourceTree = "<group>"; };
		FAEDB36324993E3400DAC22C /* Extensions.swift */ = {isa = PBXFileReference; lastKnownFileType = sourcecode.swift; path = Extensions.swift; sourceTree = "<group>"; };
/* End PBXFileReference section */

/* Begin PBXFrameworksBuildPhase section */
		FA143A59249933910063FF82 /* Frameworks */ = {
			isa = PBXFrameworksBuildPhase;
			buildActionMask = 2147483647;
			files = (
				8C6FF4ECCDAF805500C9767A /* Pods_MessengerApp.framework in Frameworks */,
			);
			runOnlyForDeploymentPostprocessing = 0;
		};
/* End PBXFrameworksBuildPhase section */

/* Begin PBXGroup section */
		1B2D8B91932B5F788B478AF6 /* Pods */ = {
			isa = PBXGroup;
			children = (
				6A40BE8AB81ED6C8AF8EA6BF /* Pods-MessengerApp.debug.xcconfig */,
				D4E62C88CD912F43BEF2DC80 /* Pods-MessengerApp.release.xcconfig */,
			);
			path = Pods;
			sourceTree = "<group>";
		};
		B35D69364C3813821394662C /* Frameworks */ = {
			isa = PBXGroup;
			children = (
				56AA42471E0BF99DBC0164FD /* Pods_MessengerApp.framework */,
			);
			name = Frameworks;
			sourceTree = "<group>";
		};
		FA143A53249933910063FF82 = {
			isa = PBXGroup;
			children = (
				FA143A5E249933910063FF82 /* MessengerApp */,
				FA143A5D249933910063FF82 /* Products */,
				1B2D8B91932B5F788B478AF6 /* Pods */,
				B35D69364C3813821394662C /* Frameworks */,
			);
			sourceTree = "<group>";
		};
		FA143A5D249933910063FF82 /* Products */ = {
			isa = PBXGroup;
			children = (
				FA143A5C249933910063FF82 /* MessengerApp.app */,
			);
			name = Products;
			sourceTree = "<group>";
		};
		FA143A5E249933910063FF82 /* MessengerApp */ = {
			isa = PBXGroup;
			children = (
				FA143A77249935CD0063FF82 /* Resources */,
				FA143A76249935BD0063FF82 /* ViewModels */,
				FA143A75249935AB0063FF82 /* Models */,
				FA143A74249935A50063FF82 /* Views */,
				FA143A73249935980063FF82 /* Controllers */,
				FA143A6D249933940063FF82 /* Info.plist */,
				FA38BB5424A64A4C009CED52 /* GoogleService-Info.plist */,
			);
			path = MessengerApp;
			sourceTree = "<group>";
		};
		FA143A73249935980063FF82 /* Controllers */ = {
			isa = PBXGroup;
			children = (
				FAEDB36224993A7200DAC22C /* Login - Register */,
				FA4F79F7249B7EA000958F79 /* TabBar  */,
				FAEDB35A2499376500DAC22C /* PhotoViewerViewController.swift */,
				FAEDB35E249937CA00DAC22C /* NewConversationViewController.swift */,
				FA35F82A249BAABC0050503F /* ChatViewController.swift */,
				FA197EFC24A725A50092A4C7 /* LocationPickerViewController.swift */,
			);
			path = Controllers;
			sourceTree = "<group>";
		};
		FA143A74249935A50063FF82 /* Views */ = {
			isa = PBXGroup;
			children = (
				FA143A78249936130063FF82 /* Storyboards */,
				FA143A68249933940063FF82 /* Assets.xcassets */,
				FA197F0224A73DE20092A4C7 /* TableViewCell */,
			);
			path = Views;
			sourceTree = "<group>";
		};
		FA143A75249935AB0063FF82 /* Models */ = {
			isa = PBXGroup;
			children = (
				FA073D5E24A12302001F9BF0 /* Conversation.swift */,
				FA073D6024A1232F001F9BF0 /* Message.swift */,
				FA073D6224A1235C001F9BF0 /* Sender.swift */,
				FA073D6424A123A1001F9BF0 /* User.swift */,
				FA073D6624A1245A001F9BF0 /* LatestMessage.swift */,
				FA07D4DF24A4B5F800A53903 /* Media.swift */,
				FA03B32F24A5243C00E068C2 /* SearchResult.swift */,
				FA197EFA24A724650092A4C7 /* Location.swift */,
				FA197EFE24A73B2B0092A4C7 /* Profile.swift */,
			);
			path = Models;
			sourceTree = "<group>";
		};
		FA143A76249935BD0063FF82 /* ViewModels */ = {
			isa = PBXGroup;
			children = (
			);
			path = ViewModels;
			sourceTree = "<group>";
		};
		FA143A77249935CD0063FF82 /* Resources */ = {
			isa = PBXGroup;
			children = (
				FA143A5F249933910063FF82 /* AppDelegate.swift */,
				FA143A61249933910063FF82 /* SceneDelegate.swift */,
				FAEDB36324993E3400DAC22C /* Extensions.swift */,
				FADB3288249A181800DDB52B /* DatabaseManager.swift */,
				FAB926D4249E907D00C6ED6D /* StorageManager.swift */,
			);
			path = Resources;
			sourceTree = "<group>";
		};
		FA143A78249936130063FF82 /* Storyboards */ = {
			isa = PBXGroup;
			children = (
				FA143A65249933910063FF82 /* Main.storyboard */,
				FA143A6A249933940063FF82 /* LaunchScreen.storyboard */,
			);
			path = Storyboards;
			sourceTree = "<group>";
		};
		FA197F0224A73DE20092A4C7 /* TableViewCell */ = {
			isa = PBXGroup;
			children = (
				FA073D5C24A11F02001F9BF0 /* ConversationTableViewCell.swift */,
				FA03B32D24A5239A00E068C2 /* NewConversationCell.swift */,
				FA197F0024A73DD80092A4C7 /* ProfileCell.swift */,
			);
			path = TableViewCell;
			sourceTree = "<group>";
		};
		FA4F79F7249B7EA000958F79 /* TabBar  */ = {
			isa = PBXGroup;
			children = (
				FA143A63249933910063FF82 /* ConversationsViewController.swift */,
				FAEDB360249937E000DAC22C /* ProfileViewController.swift */,
			);
			path = "TabBar ";
			sourceTree = "<group>";
		};
		FAEDB36224993A7200DAC22C /* Login - Register */ = {
			isa = PBXGroup;
			children = (
				FAEDB3562499372C00DAC22C /* LoginViewController.swift */,
				FAEDB3582499373B00DAC22C /* RegisterViewController.swift */,
			);
			path = "Login - Register";
			sourceTree = "<group>";
		};
/* End PBXGroup section */

/* Begin PBXNativeTarget section */
		FA143A5B249933910063FF82 /* MessengerApp */ = {
			isa = PBXNativeTarget;
			buildConfigurationList = FA143A70249933940063FF82 /* Build configuration list for PBXNativeTarget "MessengerApp" */;
			buildPhases = (
				87C9E83EBF075D4C164BCA20 /* [CP] Check Pods Manifest.lock */,
				FA143A58249933910063FF82 /* Sources */,
				FA143A59249933910063FF82 /* Frameworks */,
				FA143A5A249933910063FF82 /* Resources */,
				46DCE2F4D61432F092C4AAA0 /* [CP] Embed Pods Frameworks */,
				E03F1F395FCAD69776BD8EE5 /* [CP] Copy Pods Resources */,
				FA7D0D1324A7A9BD00389148 /* ShellScript */,
			);
			buildRules = (
			);
			dependencies = (
			);
			name = MessengerApp;
			productName = MessengerApp;
			productReference = FA143A5C249933910063FF82 /* MessengerApp.app */;
			productType = "com.apple.product-type.application";
		};
/* End PBXNativeTarget section */

/* Begin PBXProject section */
		FA143A54249933910063FF82 /* Project object */ = {
			isa = PBXProject;
			attributes = {
				LastSwiftUpdateCheck = 1150;
				LastUpgradeCheck = 1150;
				ORGANIZATIONNAME = "Ayman ";
				TargetAttributes = {
					FA143A5B249933910063FF82 = {
						CreatedOnToolsVersion = 11.5;
					};
				};
			};
			buildConfigurationList = FA143A57249933910063FF82 /* Build configuration list for PBXProject "MessengerApp" */;
			compatibilityVersion = "Xcode 9.3";
			developmentRegion = en;
			hasScannedForEncodings = 0;
			knownRegions = (
				en,
				Base,
			);
			mainGroup = FA143A53249933910063FF82;
			productRefGroup = FA143A5D249933910063FF82 /* Products */;
			projectDirPath = "";
			projectRoot = "";
			targets = (
				FA143A5B249933910063FF82 /* MessengerApp */,
			);
		};
/* End PBXProject section */

/* Begin PBXResourcesBuildPhase section */
		FA143A5A249933910063FF82 /* Resources */ = {
			isa = PBXResourcesBuildPhase;
			buildActionMask = 2147483647;
			files = (
				FA143A6C249933940063FF82 /* LaunchScreen.storyboard in Resources */,
				FA38BB5524A64A4D009CED52 /* GoogleService-Info.plist in Resources */,
				FA143A69249933940063FF82 /* Assets.xcassets in Resources */,
				FA143A67249933910063FF82 /* Main.storyboard in Resources */,
			);
			runOnlyForDeploymentPostprocessing = 0;
		};
/* End PBXResourcesBuildPhase section */

/* Begin PBXShellScriptBuildPhase section */
		46DCE2F4D61432F092C4AAA0 /* [CP] Embed Pods Frameworks */ = {
			isa = PBXShellScriptBuildPhase;
			buildActionMask = 2147483647;
			files = (
			);
			inputFileListPaths = (
				"${PODS_ROOT}/Target Support Files/Pods-MessengerApp/Pods-MessengerApp-frameworks-${CONFIGURATION}-input-files.xcfilelist",
			);
			name = "[CP] Embed Pods Frameworks";
			outputFileListPaths = (
				"${PODS_ROOT}/Target Support Files/Pods-MessengerApp/Pods-MessengerApp-frameworks-${CONFIGURATION}-output-files.xcfilelist",
			);
			runOnlyForDeploymentPostprocessing = 0;
			shellPath = /bin/sh;
			shellScript = "\"${PODS_ROOT}/Target Support Files/Pods-MessengerApp/Pods-MessengerApp-frameworks.sh\"\n";
			showEnvVarsInLog = 0;
		};
		87C9E83EBF075D4C164BCA20 /* [CP] Check Pods Manifest.lock */ = {
			isa = PBXShellScriptBuildPhase;
			buildActionMask = 2147483647;
			files = (
			);
			inputFileListPaths = (
			);
			inputPaths = (
				"${PODS_PODFILE_DIR_PATH}/Podfile.lock",
				"${PODS_ROOT}/Manifest.lock",
			);
			name = "[CP] Check Pods Manifest.lock";
			outputFileListPaths = (
			);
			outputPaths = (
				"$(DERIVED_FILE_DIR)/Pods-MessengerApp-checkManifestLockResult.txt",
			);
			runOnlyForDeploymentPostprocessing = 0;
			shellPath = /bin/sh;
			shellScript = "diff \"${PODS_PODFILE_DIR_PATH}/Podfile.lock\" \"${PODS_ROOT}/Manifest.lock\" > /dev/null\nif [ $? != 0 ] ; then\n    # print error to STDERR\n    echo \"error: The sandbox is not in sync with the Podfile.lock. Run 'pod install' or update your CocoaPods installation.\" >&2\n    exit 1\nfi\n# This output is used by Xcode 'outputs' to avoid re-running this script phase.\necho \"SUCCESS\" > \"${SCRIPT_OUTPUT_FILE_0}\"\n";
			showEnvVarsInLog = 0;
		};
		E03F1F395FCAD69776BD8EE5 /* [CP] Copy Pods Resources */ = {
			isa = PBXShellScriptBuildPhase;
			buildActionMask = 2147483647;
			files = (
			);
			inputFileListPaths = (
				"${PODS_ROOT}/Target Support Files/Pods-MessengerApp/Pods-MessengerApp-resources-${CONFIGURATION}-input-files.xcfilelist",
			);
			name = "[CP] Copy Pods Resources";
			outputFileListPaths = (
				"${PODS_ROOT}/Target Support Files/Pods-MessengerApp/Pods-MessengerApp-resources-${CONFIGURATION}-output-files.xcfilelist",
			);
			runOnlyForDeploymentPostprocessing = 0;
			shellPath = /bin/sh;
			shellScript = "\"${PODS_ROOT}/Target Support Files/Pods-MessengerApp/Pods-MessengerApp-resources.sh\"\n";
			showEnvVarsInLog = 0;
		};
		FA7D0D1324A7A9BD00389148 /* ShellScript */ = {
			isa = PBXShellScriptBuildPhase;
			buildActionMask = 2147483647;
			files = (
			);
			inputFileListPaths = (
			);
			inputPaths = (
			);
			outputFileListPaths = (
			);
			outputPaths = (
			);
			runOnlyForDeploymentPostprocessing = 0;
			shellPath = /bin/sh;
			shellScript = "# Type a script or drag a script file from your workspace to insert its path.\n\"${PODS_ROOT}/FirebaseCrashlytics/run\"\n";
		};
/* End PBXShellScriptBuildPhase section */

/* Begin PBXSourcesBuildPhase section */
		FA143A58249933910063FF82 /* Sources */ = {
			isa = PBXSourcesBuildPhase;
			buildActionMask = 2147483647;
			files = (
				FA03B33024A5243C00E068C2 /* SearchResult.swift in Sources */,
				FAEDB3572499372C00DAC22C /* LoginViewController.swift in Sources */,
				FADB3289249A181800DDB52B /* DatabaseManager.swift in Sources */,
				FA073D6324A1235C001F9BF0 /* Sender.swift in Sources */,
				FAEDB35F249937CA00DAC22C /* NewConversationViewController.swift in Sources */,
				FA073D5F24A12302001F9BF0 /* Conversation.swift in Sources */,
				FA197EFD24A725A50092A4C7 /* LocationPickerViewController.swift in Sources */,
				FAEDB3592499373B00DAC22C /* RegisterViewController.swift in Sources */,
				FA143A64249933910063FF82 /* ConversationsViewController.swift in Sources */,
				FAEDB36424993E3400DAC22C /* Extensions.swift in Sources */,
				FA143A60249933910063FF82 /* AppDelegate.swift in Sources */,
				FAEDB361249937E000DAC22C /* ProfileViewController.swift in Sources */,
				FA197F0124A73DD80092A4C7 /* ProfileCell.swift in Sources */,
				FA143A62249933910063FF82 /* SceneDelegate.swift in Sources */,
				FA073D5D24A11F02001F9BF0 /* ConversationTableViewCell.swift in Sources */,
				FA197EFB24A724650092A4C7 /* Location.swift in Sources */,
				FA197EFF24A73B2B0092A4C7 /* Profile.swift in Sources */,
				FA35F82B249BAABC0050503F /* ChatViewController.swift in Sources */,
				FA07D4E024A4B5F800A53903 /* Media.swift in Sources */,
				FA073D6524A123A1001F9BF0 /* User.swift in Sources */,
				FA073D6124A1232F001F9BF0 /* Message.swift in Sources */,
				FAEDB35B2499376500DAC22C /* PhotoViewerViewController.swift in Sources */,
				FA073D6724A1245A001F9BF0 /* LatestMessage.swift in Sources */,
				FA03B32E24A5239A00E068C2 /* NewConversationCell.swift in Sources */,
				FAB926D5249E907D00C6ED6D /* StorageManager.swift in Sources */,
			);
			runOnlyForDeploymentPostprocessing = 0;
		};
/* End PBXSourcesBuildPhase section */

/* Begin PBXVariantGroup section */
		FA143A65249933910063FF82 /* Main.storyboard */ = {
			isa = PBXVariantGroup;
			children = (
				FA143A66249933910063FF82 /* Base */,
			);
			name = Main.storyboard;
			sourceTree = "<group>";
		};
		FA143A6A249933940063FF82 /* LaunchScreen.storyboard */ = {
			isa = PBXVariantGroup;
			children = (
				FA143A6B249933940063FF82 /* Base */,
			);
			name = LaunchScreen.storyboard;
			sourceTree = "<group>";
		};
/* End PBXVariantGroup section */

/* Begin XCBuildConfiguration section */
		FA143A6E249933940063FF82 /* Debug */ = {
			isa = XCBuildConfiguration;
			buildSettings = {
				ALWAYS_SEARCH_USER_PATHS = NO;
				CLANG_ANALYZER_NONNULL = YES;
				CLANG_ANALYZER_NUMBER_OBJECT_CONVERSION = YES_AGGRESSIVE;
				CLANG_CXX_LANGUAGE_STANDARD = "gnu++14";
				CLANG_CXX_LIBRARY = "libc++";
				CLANG_ENABLE_MODULES = YES;
				CLANG_ENABLE_OBJC_ARC = YES;
				CLANG_ENABLE_OBJC_WEAK = YES;
				CLANG_WARN_BLOCK_CAPTURE_AUTORELEASING = YES;
				CLANG_WARN_BOOL_CONVERSION = YES;
				CLANG_WARN_COMMA = YES;
				CLANG_WARN_CONSTANT_CONVERSION = YES;
				CLANG_WARN_DEPRECATED_OBJC_IMPLEMENTATIONS = YES;
				CLANG_WARN_DIRECT_OBJC_ISA_USAGE = YES_ERROR;
				CLANG_WARN_DOCUMENTATION_COMMENTS = YES;
				CLANG_WARN_EMPTY_BODY = YES;
				CLANG_WARN_ENUM_CONVERSION = YES;
				CLANG_WARN_INFINITE_RECURSION = YES;
				CLANG_WARN_INT_CONVERSION = YES;
				CLANG_WARN_NON_LITERAL_NULL_CONVERSION = YES;
				CLANG_WARN_OBJC_IMPLICIT_RETAIN_SELF = YES;
				CLANG_WARN_OBJC_LITERAL_CONVERSION = YES;
				CLANG_WARN_OBJC_ROOT_CLASS = YES_ERROR;
				CLANG_WARN_RANGE_LOOP_ANALYSIS = YES;
				CLANG_WARN_STRICT_PROTOTYPES = YES;
				CLANG_WARN_SUSPICIOUS_MOVE = YES;
				CLANG_WARN_UNGUARDED_AVAILABILITY = YES_AGGRESSIVE;
				CLANG_WARN_UNREACHABLE_CODE = YES;
				CLANG_WARN__DUPLICATE_METHOD_MATCH = YES;
				COPY_PHASE_STRIP = NO;
				DEBUG_INFORMATION_FORMAT = dwarf;
				ENABLE_STRICT_OBJC_MSGSEND = YES;
				ENABLE_TESTABILITY = YES;
				GCC_C_LANGUAGE_STANDARD = gnu11;
				GCC_DYNAMIC_NO_PIC = NO;
				GCC_NO_COMMON_BLOCKS = YES;
				GCC_OPTIMIZATION_LEVEL = 0;
				GCC_PREPROCESSOR_DEFINITIONS = (
					"DEBUG=1",
					"$(inherited)",
				);
				GCC_WARN_64_TO_32_BIT_CONVERSION = YES;
				GCC_WARN_ABOUT_RETURN_TYPE = YES_ERROR;
				GCC_WARN_UNDECLARED_SELECTOR = YES;
				GCC_WARN_UNINITIALIZED_AUTOS = YES_AGGRESSIVE;
				GCC_WARN_UNUSED_FUNCTION = YES;
				GCC_WARN_UNUSED_VARIABLE = YES;
				IPHONEOS_DEPLOYMENT_TARGET = 13.5;
				MTL_ENABLE_DEBUG_INFO = INCLUDE_SOURCE;
				MTL_FAST_MATH = YES;
				ONLY_ACTIVE_ARCH = YES;
				SDKROOT = iphoneos;
				SWIFT_ACTIVE_COMPILATION_CONDITIONS = DEBUG;
				SWIFT_OPTIMIZATION_LEVEL = "-Onone";
			};
			name = Debug;
		};
		FA143A6F249933940063FF82 /* Release */ = {
			isa = XCBuildConfiguration;
			buildSettings = {
				ALWAYS_SEARCH_USER_PATHS = NO;
				CLANG_ANALYZER_NONNULL = YES;
				CLANG_ANALYZER_NUMBER_OBJECT_CONVERSION = YES_AGGRESSIVE;
				CLANG_CXX_LANGUAGE_STANDARD = "gnu++14";
				CLANG_CXX_LIBRARY = "libc++";
				CLANG_ENABLE_MODULES = YES;
				CLANG_ENABLE_OBJC_ARC = YES;
				CLANG_ENABLE_OBJC_WEAK = YES;
				CLANG_WARN_BLOCK_CAPTURE_AUTORELEASING = YES;
				CLANG_WARN_BOOL_CONVERSION = YES;
				CLANG_WARN_COMMA = YES;
				CLANG_WARN_CONSTANT_CONVERSION = YES;
				CLANG_WARN_DEPRECATED_OBJC_IMPLEMENTATIONS = YES;
				CLANG_WARN_DIRECT_OBJC_ISA_USAGE = YES_ERROR;
				CLANG_WARN_DOCUMENTATION_COMMENTS = YES;
				CLANG_WARN_EMPTY_BODY = YES;
				CLANG_WARN_ENUM_CONVERSION = YES;
				CLANG_WARN_INFINITE_RECURSION = YES;
				CLANG_WARN_INT_CONVERSION = YES;
				CLANG_WARN_NON_LITERAL_NULL_CONVERSION = YES;
				CLANG_WARN_OBJC_IMPLICIT_RETAIN_SELF = YES;
				CLANG_WARN_OBJC_LITERAL_CONVERSION = YES;
				CLANG_WARN_OBJC_ROOT_CLASS = YES_ERROR;
				CLANG_WARN_RANGE_LOOP_ANALYSIS = YES;
				CLANG_WARN_STRICT_PROTOTYPES = YES;
				CLANG_WARN_SUSPICIOUS_MOVE = YES;
				CLANG_WARN_UNGUARDED_AVAILABILITY = YES_AGGRESSIVE;
				CLANG_WARN_UNREACHABLE_CODE = YES;
				CLANG_WARN__DUPLICATE_METHOD_MATCH = YES;
				COPY_PHASE_STRIP = NO;
				DEBUG_INFORMATION_FORMAT = "dwarf-with-dsym";
				ENABLE_NS_ASSERTIONS = NO;
				ENABLE_STRICT_OBJC_MSGSEND = YES;
				GCC_C_LANGUAGE_STANDARD = gnu11;
				GCC_NO_COMMON_BLOCKS = YES;
				GCC_WARN_64_TO_32_BIT_CONVERSION = YES;
				GCC_WARN_ABOUT_RETURN_TYPE = YES_ERROR;
				GCC_WARN_UNDECLARED_SELECTOR = YES;
				GCC_WARN_UNINITIALIZED_AUTOS = YES_AGGRESSIVE;
				GCC_WARN_UNUSED_FUNCTION = YES;
				GCC_WARN_UNUSED_VARIABLE = YES;
				IPHONEOS_DEPLOYMENT_TARGET = 13.5;
				MTL_ENABLE_DEBUG_INFO = NO;
				MTL_FAST_MATH = YES;
				SDKROOT = iphoneos;
				SWIFT_COMPILATION_MODE = wholemodule;
				SWIFT_OPTIMIZATION_LEVEL = "-O";
				VALIDATE_PRODUCT = YES;
			};
			name = Release;
		};
		FA143A71249933940063FF82 /* Debug */ = {
			isa = XCBuildConfiguration;
			baseConfigurationReference = 6A40BE8AB81ED6C8AF8EA6BF /* Pods-MessengerApp.debug.xcconfig */;
			buildSettings = {
				ASSETCATALOG_COMPILER_APPICON_NAME = AppIcon;
				CODE_SIGN_STYLE = Automatic;
				DEVELOPMENT_TEAM = 666BAPS643;
				INFOPLIST_FILE = MessengerApp/Info.plist;
				LD_RUNPATH_SEARCH_PATHS = (
					"$(inherited)",
					"@executable_path/Frameworks",
				);
				PRODUCT_BUNDLE_IDENTIFIER = abuMutair.MessengerApp;
				PRODUCT_NAME = "$(TARGET_NAME)";
				SWIFT_VERSION = 5.0;
				TARGETED_DEVICE_FAMILY = "1,2";
			};
			name = Debug;
		};
		FA143A72249933940063FF82 /* Release */ = {
			isa = XCBuildConfiguration;
			baseConfigurationReference = D4E62C88CD912F43BEF2DC80 /* Pods-MessengerApp.release.xcconfig */;
			buildSettings = {
				ASSETCATALOG_COMPILER_APPICON_NAME = AppIcon;
				CODE_SIGN_STYLE = Automatic;
				DEVELOPMENT_TEAM = 666BAPS643;
				INFOPLIST_FILE = MessengerApp/Info.plist;
				LD_RUNPATH_SEARCH_PATHS = (
					"$(inherited)",
					"@executable_path/Frameworks",
				);
				PRODUCT_BUNDLE_IDENTIFIER = abuMutair.MessengerApp;
				PRODUCT_NAME = "$(TARGET_NAME)";
				SWIFT_VERSION = 5.0;
				TARGETED_DEVICE_FAMILY = "1,2";
			};
			name = Release;
		};
/* End XCBuildConfiguration section */

/* Begin XCConfigurationList section */
		FA143A57249933910063FF82 /* Build configuration list for PBXProject "MessengerApp" */ = {
			isa = XCConfigurationList;
			buildConfigurations = (
				FA143A6E249933940063FF82 /* Debug */,
				FA143A6F249933940063FF82 /* Release */,
			);
			defaultConfigurationIsVisible = 0;
			defaultConfigurationName = Release;
		};
		FA143A70249933940063FF82 /* Build configuration list for PBXNativeTarget "MessengerApp" */ = {
			isa = XCConfigurationList;
			buildConfigurations = (
				FA143A71249933940063FF82 /* Debug */,
				FA143A72249933940063FF82 /* Release */,
			);
			defaultConfigurationIsVisible = 0;
			defaultConfigurationName = Release;
		};
/* End XCConfigurationList section */
	};
	rootObject = FA143A54249933910063FF82 /* Project object */;
}
